<Solution>
  <Configurations>
    <Platform Name="x64" />
    <Platform Name="x86" />
  </Configurations>
  <Project Path="Car_Class/Car_Class.vcxproj" Id="61ed9655-bd30-4cd5-837f-cb9f78570fef" />
  <Project Path="Complex_Class/Complex_Class.vcxproj" Id="a73b47fd-99be-4207-85ea-5b38830a30ca" />
  <Project Path="Lec04_Array_Class/Lec04_Array_Class.vcxproj" Id="9beb283a-2bbf-48bc-8e56-061cfb0792f7" />
  <Project Path="Polynomial_Class/Polynomial_Class.vcxproj" Id="76d20d42-a1c5-4e60-b203-408803263c0d" />
</Solution>
